
Microsoft Visual Studio Solution File, Format Version 12.00
# Visual Studio 15
VisualStudioVersion = 15.0.27703.2035
MinimumVisualStudioVersion = 10.0.40219.1
Project("{FAE04EC0-301F-11D3-BF4B-00C04F79EFBC}") = "Blog", "Blog\Blog.csproj", "{7A76AEA8-6D15-433E-A263-BA4159C92481}"
EndProject
Global
	GlobalSection(SolutionConfigurationPlatforms) = preSolution
		Debug|Any CPU = Debug|Any CPU
		Release|Any CPU = Release|Any CPU
	EndGlobalSection
	GlobalSection(ProjectConfigurationPlatforms) = postSolution
		{7A76AEA8-6D15-433E-A263-BA4159C92481}.Debug|Any CPU.ActiveCfg = Debug|Any CPU
		{7A76AEA8-6D15-433E-A263-BA4159C92481}.Debug|Any CPU.Build.0 = Debug|Any CPU
		{7A76AEA8-6D15-433E-A263-BA4159C92481}.Release|Any CPU.ActiveCfg = Release|Any CPU
		{7A76AEA8-6D15-433E-A263-BA4159C92481}.Release|Any CPU.Build.0 = Release|Any CPU
	EndGlobalSection
	GlobalSection(SolutionProperties) = preSolution
		HideSolutionNode = FALSE
	EndGlobalSection
	GlobalSection(ExtensibilityGlobals) = postSolution
		SolutionGuid = {42B1BAE9-85A5-42EA-AED2-0E500E817574}
	EndGlobalSection
EndGlobal
